# This file is automatically @generated by Poetry 2.4.1 and should not be changed by hand.

[[package]]
name = "evdev"
version = "1.9.3"
description = "Bindings to the Linux input handling subsystem"
optional = false
python-versions = ">=3.9"
groups = ["main"]
files = [
    {file = "evdev-1.9.3.tar.gz", hash = "sha256:2c140e01ac8437758fa23fe5c871397412461f42d421aa20241dc8fe8cfccbc9"},
]

[[package]]
name = "mouseinfo"
version = "0.1.3"
description = "An application to display XY position and RGB color information for the pixel currently under the mouse. Works on Python 2 and 3."
optional = false
python-versions = "*"
groups = ["main"]
files = [
    {file = "MouseInfo-0.1.3.tar.gz", hash = "sha256:2c62fb8885062b8e520a3cce0a297c657adcc08c60952eb05bc8256ef6f7f6e7"},
]

[package.dependencies]
pyperclip = "*"
python3-Xlib = {version = "*", markers = "platform_system == \"Linux\" and python_version >= \"3.0\""}
rubicon-objc = {version = "*", markers = "platform_system == \"Darwin\""}

[[package]]
name = "pyautogui"
version = "0.9.54"
description = "PyAutoGUI lets Python control the mouse and keyboard, and other GUI automation tasks. For Windows, macOS, and Linux, on Python 3 and 2."
optional = false
python-versions = "*"
groups = ["main"]
files = [
    {file = "PyAutoGUI-0.9.54.tar.gz", hash = "sha256:dd1d29e8fd118941cb193f74df57e5c6ff8e9253b99c7b04f39cfc69f3ae04b2"},
]

[package.dependencies]
mouseinfo = "*"
pygetwindow = ">=0.0.5"
pymsgbox = "*"
pyobjc-core = {version = "*", markers = "platform_system == \"Darwin\""}
pyobjc-framework-quartz = {version = "*", markers = "platform_system == \"Darwin\""}
pyscreeze = ">=0.1.21"
python3-Xlib = {version = "*", markers = "platform_system == \"Linux\" and python_version >= \"3.0\""}
pytweening = ">=1.0.4"

[[package]]
name = "pygetwindow"
version = "0.0.9"
description = "A simple, cross-platform module for obtaining GUI information on application's windows."
optional = false
python-versions = "*"
groups = ["main"]
files = [
    {file = "PyGetWindow-0.0.9.tar.gz", hash = "sha256:17894355e7d2b305cd832d717708384017c1698a90ce24f6f7fbf0242dd0a688"},
]

[package.dependencies]
pyrect = "*"

[[package]]
name = "pymsgbox"
version = "2.0.1"
description = "A simple, cross-platform, pure Python module for JavaScript-like message boxes."
optional = false
python-versions = ">=3.4"
groups = ["main"]
files = [
    {file = "pymsgbox-2.0.1-py3-none-any.whl", hash = "sha256:5de8ec19bca2ca7e6c09d39c817c83f17c75cee80275235f43a9931db699f73b"},
    {file = "pymsgbox-2.0.1.tar.gz", hash = "sha256:98d055c49a511dcc10fa08c3043e7102d468f5e4b3a83c6d3c61df722c7d798d"},
]

[[package]]
name = "pyobjc-core"
version = "12.2"
description = "Python<->ObjC Interoperability Module"
optional = false
python-versions = ">=3.10"
groups = ["main"]
markers = "platform_system == \"Darwin\""
files = [
    {file = "pyobjc_core-12.2-cp310-cp310-macosx_10_9_universal2.whl", hash = "sha256:45fffb2b8dc0ae4480386429bd1e7fa8aabeb2eec81816d6971b33936dfcfff8"},
    {file = "pyobjc_core-12.2-cp311-cp311-macosx_10_9_universal2.whl", hash = "sha256:17b4e003af384d3086c2f39989a0b282c5755dd1066f331cf7c9fa65febe22ce"},
    {file = "pyobjc_core-12.2-cp312-cp312-macosx_10_13_universal2.whl", hash = "sha256:7677ed758a367bbbb5589d6f5276fb360a45c89168276c26162f61840b0fa03d"},
    {file = "pyobjc_core-12.2-cp313-cp313-macosx_10_13_universal2.whl", hash = "sha256:9287c7c46d6ae8676b4c6c0389a8f4b5381f42ae53a47151900c08b157e5a992"},
    {file = "pyobjc_core-12.2-cp313-cp313t-macosx_10_13_universal2.whl", hash = "sha256:515ecf2afe168301feb66a7230d700584ce2e4b8a0ac178e19450b8898384139"},
    {file = "pyobjc_core-12.2-cp314-cp314-macosx_10_15_universal2.whl", hash = "sha256:a51352e478785cd7fce1604b9902125a286139caea0759cb340e59d75b594992"},
    {file = "pyobjc_core-12.2-cp314-cp314t-macosx_10_15_universal2.whl", hash = "sha256:3137b2d14f9f2154fb5b1c092c38d15e164f68ab190c18335d76e4e7e1583f79"},
    {file = "pyobjc_core-12.2-cp315-cp315-macosx_10_15_universal2.whl", hash = "sha256:1e4216f2ec962dc13cf7f31b9bc3a7190337a0f401e7dc9de6b2d8c08b9dbb7a"},
    {file = "pyobjc_core-12.2-cp315-cp315t-macosx_10_15_universal2.whl", hash = "sha256:ac952bac8057dd0b97ee7b311c39f97cad7430b7cfbd67ca0a30135a7d17d2ab"},
    {file = "pyobjc_core-12.2.tar.gz", hash = "sha256:51d7de4cfa32f508c6a7aac31f131b12d5e196a8dcf588e6e8d7e6337224f66d"},
]

[[package]]
name = "pyobjc-framework-cocoa"
version = "12.2"
description = "Wrappers for the Cocoa frameworks on macOS"
optional = false
python-versions = ">=3.10"
groups = ["main"]
markers = "platform_system == \"Darwin\""
files = [
    {file = "pyobjc_framework_cocoa-12.2-cp310-cp310-macosx_10_9_universal2.whl", hash = "sha256:a2efad455ded551d1a033fd22245d57b71b6c065e8b52158dceed1611b5ae033"},
    {file = "pyobjc_framework_cocoa-12.2-cp311-cp311-macosx_10_9_universal2.whl", hash = "sha256:0bb7cd468ca89bbc2d1d8acb930b4f4fdce8826de30a66608fc28f8880c1f6a6"},
    {file = "pyobjc_framework_cocoa-12.2-cp312-cp312-macosx_10_13_universal2.whl", hash = "sha256:06cb92d97d1af9d1f459ae6cf1d1a7b824c12d3aff1b709885966acd6b7208c2"},
    {file = "pyobjc_framework_cocoa-12.2-cp313-cp313-macosx_10_13_universal2.whl", hash = "sha256:f0bbe0abedfb24b11ff6c71e26cdefb0df001c6482f95591fad40c2688c16498"},
    {file = "pyobjc_framework_cocoa-12.2-cp313-cp313t-macosx_10_13_universal2.whl", hash = "sha256:46b6681e2b21b099ed095339c140f2c8137d6ac5658653166ee90722f9e3c621"},
    {file = "pyobjc_framework_cocoa-12.2-cp314-cp314-macosx_10_15_universal2.whl", hash = "sha256:aecfd44908fa12a9291fb6ca2458ebbc611102de6784f2202a35fd5ed9f56c60"},
    {file = "pyobjc_framework_cocoa-12.2-cp314-cp314t-macosx_10_15_universal2.whl", hash = "sha256:ef679740f541c52118149b558b757d1f11d9dcf30c2a23344b13a6af6a99a1ab"},
    {file = "pyobjc_framework_cocoa-12.2-cp315-cp315-macosx_10_15_universal2.whl", hash = "sha256:290e544a8c2d0786a34a359d825eaad44ebaaa3b30cdd765b2755422ca39a0d2"},
    {file = "pyobjc_framework_cocoa-12.2-cp315-cp315t-macosx_10_15_universal2.whl", hash = "sha256:5a0bed77b0b56074cc2b4564aae3e6e9d5da5fdf93252f50b6dbced0f7fece3a"},
    {file = "pyobjc_framework_cocoa-12.2.tar.gz", hash = "sha256:20b392e2b7241caad0538dfde12143343e5dfe48f72e7df660a7548e635903dc"},
]

[package.dependencies]
pyobjc-core = ">=12.2"

[[package]]
name = "pyobjc-framework-quartz"
version = "12.2"
description = "Wrappers for the Quartz frameworks on macOS"
optional = false
python-versions = ">=3.10"
groups = ["main"]
markers = "platform_system == \"Darwin\""
files = [
    {file = "pyobjc_framework_quartz-12.2-cp310-cp310-macosx_10_9_universal2.whl", hash = "sha256:96201eb37192fde3abac348adacfc2d4e8af4e76d42752664d1e515f1db5d929"},
    {file = "pyobjc_framework_quartz-12.2-cp311-cp311-macosx_10_9_universal2.whl", hash = "sha256:2dec68f8d5b42030fb0f44bf1169a208318393f216a68048b4336649d877293a"},
    {file = "pyobjc_framework_quartz-12.2-cp312-cp312-macosx_10_13_universal2.whl", hash = "sha256:8b238979d62b6e0b90d466477eee968d8f2f6720e850af2472e01cef349293b4"},
    {file = "pyobjc_framework_quartz-12.2-cp313-cp313-macosx_10_13_universal2.whl", hash = "sha256:214c19aadfd100d9202994a22fbced804f7d60f8473de6f292111cc1668f9373"},
    {file = "pyobjc_framework_quartz-12.2-cp313-cp313t-macosx_10_13_universal2.whl", hash = "sha256:4e0634ee9782e480587a074d1d08867fa7ef0d845c2f6cbaef6a48b7d2c3899f"},
    {file = "pyobjc_framework_quartz-12.2-cp314-cp314-macosx_10_15_universal2.whl", hash = "sha256:08f7c7b42de70875cee15f4d0e217471e382ffac44d0a5bcfd30f583b9b41adb"},
    {file = "pyobjc_framework_quartz-12.2-cp314-cp314t-macosx_10_15_universal2.whl", hash = "sha256:57553e7085191f9421ec78fe57a8a0c8462e39d675014ac1e4b389381f04535a"},
    {file = "pyobjc_framework_quartz-12.2-cp315-cp315-macosx_10_15_universal2.whl", hash = "sha256:6fbd127d864108103d4980292ffca32bd9c1e5f643e0abd5773fdde2918afaca"},
    {file = "pyobjc_framework_quartz-12.2-cp315-cp315t-macosx_10_15_universal2.whl", hash = "sha256:359738c88b12427a30d73a3d202002ab910e31eebf6bee4550495ec8aa64a004"},
    {file = "pyobjc_framework_quartz-12.2.tar.gz", hash = "sha256:b343395d4790323b0376fe20c83ac468510ba19f65429323ca211708c939d107"},
]

[package.dependencies]
pyobjc-core = ">=12.2"
pyobjc-framework-Cocoa = ">=12.2"

[[package]]
name = "pyperclip"
version = "1.11.0"
description = "A cross-platform clipboard module for Python. (Only handles plain text for now.)"
optional = false
python-versions = "*"
groups = ["main"]
files = [
    {file = "pyperclip-1.11.0-py3-none-any.whl", hash = "sha256:299403e9ff44581cb9ba2ffeed69c7aa96a008622ad0c46cb575ca75b5b84273"},
    {file = "pyperclip-1.11.0.tar.gz", hash = "sha256:244035963e4428530d9e3a6101a1ef97209c6825edab1567beac148ccc1db1b6"},
]

[[package]]
name = "pyrect"
version = "0.2.0"
description = "PyRect is a simple module with a Rect class for Pygame-like rectangular areas."
optional = false
python-versions = "*"
groups = ["main"]
files = [
    {file = "PyRect-0.2.0.tar.gz", hash = "sha256:f65155f6df9b929b67caffbd57c0947c5ae5449d3b580d178074bffb47a09b78"},
]

[[package]]
name = "pyscreeze"
version = "1.0.1"
description = "A simple, cross-platform screenshot module for Python 2 and 3."
optional = false
python-versions = "*"
groups = ["main"]
files = [
    {file = "pyscreeze-1.0.1.tar.gz", hash = "sha256:cf1662710f1b46aa5ff229ee23f367da9e20af4a78e6e365bee973cad0ead4be"},
]

[[package]]
name = "python3-xlib"
version = "0.15"
description = "Python3 X Library"
optional = false
python-versions = "*"
groups = ["main"]
markers = "platform_system == \"Linux\""
files = [
    {file = "python3-xlib-0.15.tar.gz", hash = "sha256:dc4245f3ae4aa5949c1d112ee4723901ade37a96721ba9645f2bfa56e5b383f8"},
]

[[package]]
name = "pytweening"
version = "1.2.0"
description = "A collection of tweening (aka easing) functions."
optional = false
python-versions = "*"
groups = ["main"]
files = [
    {file = "pytweening-1.2.0.tar.gz", hash = "sha256:243318b7736698066c5f362ec5c2b6434ecf4297c3c8e7caa8abfe6af4cac71b"},
]

[[package]]
name = "rubicon-objc"
version = "0.5.4"
description = "A bridge between an Objective C runtime environment and Python."
optional = false
python-versions = ">=3.10"
groups = ["main"]
markers = "platform_system == \"Darwin\""
files = [
    {file = "rubicon_objc-0.5.4-py3-none-any.whl", hash = "sha256:f7c755388d5709d7079152892137b13bcc6b4bdd796c9f0d9b3a1eb5bea715c4"},
    {file = "rubicon_objc-0.5.4.tar.gz", hash = "sha256:9ba5eb203df2b2e6c7f2d93f671b583ef5ea0f61b17a3ff44cd9c68673ad7916"},
]

[[package]]
name = "typing-extensions"
version = "4.15.0"
description = "Backported and Experimental Type Hints for Python 3.9+"
optional = false
python-versions = ">=3.9"
groups = ["main"]
files = [
    {file = "typing_extensions-4.15.0-py3-none-any.whl", hash = "sha256:f0fa19c6845758ab08074a0cfa8b7aecb71c999ca73d62883bc25cc018c4e548"},
    {file = "typing_extensions-4.15.0.tar.gz", hash = "sha256:0cea48d173cc12fa28ecabc3b837ea3cf6f38c6d1136f85cbaaf598984861466"},
]

[[package]]
name = "wayland-automation"
version = "0.2.8"
description = "A tool for automating Wayland tasks using system packages wtype and wayland-info"
optional = false
python-versions = ">=3.6"
groups = ["main"]
files = [
    {file = "wayland_automation-0.2.8-py3-none-any.whl", hash = "sha256:4d4fefd05daf40dc10a2045f287c9bc641e5cf5a813370a2f4059191987c38ad"},
    {file = "wayland_automation-0.2.8.tar.gz", hash = "sha256:8941cfe90e17f8720bd47a7e09bf15f3bedb4ec6571fa8b4b38e24a6fe2cea6d"},
]

[package.dependencies]
evdev = "*"

[metadata]
lock-version = "2.1"
python-versions = ">=3.14"
content-hash = "73c62f103869c4a106bce0c3320e6626882e9442ae6c568e59b67d32c7c62fa8"
